// !$*UTF8*$!
{
	archiveVersion = 1;
	classes = {
	};
	objectVersion = 46;
	objects = {

/* Begin PBXBuildFile section */
		8DB4AD141D3A0E7A006C77D1 /* AppDelegate.swift in Sources */ = {isa = PBXBuildFile; fileRef = 8DB4AD131D3A0E7A006C77D1 /* AppDelegate.swift */; };
		8DB4AD191D3A0E7A006C77D1 /* Main.storyboard in Resources */ = {isa = PBXBuildFile; fileRef = 8DB4AD171D3A0E7A006C77D1 /* Main.storyboard */; };
		8DB4AD1B1D3A0E7A006C77D1 /* Assets.xcassets in Resources */ = {isa = PBXBuildFile; fileRef = 8DB4AD1A1D3A0E7A006C77D1 /* Assets.xcassets */; };
		8DB4AD1E1D3A0E7A006C77D1 /* LaunchScreen.storyboard in Resources */ = {isa = PBXBuildFile; fileRef = 8DB4AD1C1D3A0E7A006C77D1 /* LaunchScreen.storyboard */; };
		8DB4AD261D3A0F85006C77D1 /* RefreshingTableViewController.swift in Sources */ = {isa = PBXBuildFile; fileRef = 8DB4AD251D3A0F85006C77D1 /* RefreshingTableViewController.swift */; };
		8DB4AD2A1D3A3E0B006C77D1 /* RefreshView.swift in Sources */ = {isa = PBXBuildFile; fileRef = 8DB4AD291D3A3E0B006C77D1 /* RefreshView.swift */; };
/* End PBXBuildFile section */

/* Begin PBXFileReference section */
		8DB4AD101D3A0E7A006C77D1 /* PullToRefresh.app */ = {isa = PBXFileReference; explicitFileType = wrapper.application; includeInIndex = 0; path = PullToRefresh.app; sourceTree = BUILT_PRODUCTS_DIR; };
		8DB4AD131D3A0E7A006C77D1 /* AppDelegate.swift */ = {isa = PBXFileReference; lastKnownFileType = sourcecode.swift; path = AppDelegate.swift; sourceTree = "<group>"; };
		8DB4AD181D3A0E7A006C77D1 /* Base */ = {isa = PBXFileReference; lastKnownFileType = file.storyboard; name = Base; path = Base.lproj/Main.storyboard; sourceTree = "<group>"; };
		8DB4AD1A1D3A0E7A006C77D1 /* Assets.xcassets */ = {isa = PBXFileReference; lastKnownFileType = folder.assetcatalog; path = Assets.xcassets; sourceTree = "<group>"; };
		8DB4AD1D1D3A0E7A006C77D1 /* Base */ = {isa = PBXFileReference; lastKnownFileType = file.storyboard; name = Base; path = Base.lproj/LaunchScreen.storyboard; sourceTree = "<group>"; };
		8DB4AD1F1D3A0E7A006C77D1 /* Info.plist */ = {isa = PBXFileReference; lastKnownFileType = text.plist.xml; path = Info.plist; sourceTree = "<group>"; };
		8DB4AD251D3A0F85006C77D1 /* RefreshingTableViewController.swift */ = {isa = PBXFileReference; fileEncoding = 4; lastKnownFileType = sourcecode.swift; path = RefreshingTableViewController.swift; sourceTree = "<group>"; };
		8DB4AD291D3A3E0B006C77D1 /* RefreshView.swift */ = {isa = PBXFileReference; fileEncoding = 4; lastKnownFileType = sourcecode.swift; path = RefreshView.swift; sourceTree = "<group>"; };
/* End PBXFileReference section */

/* Begin PBXFrameworksBuildPhase section */
		8DB4AD0D1D3A0E7A006C77D1 /* Frameworks */ = {
			isa = PBXFrameworksBuildPhase;
			buildActionMask = 2147483647;
			files = (
			);
			runOnlyForDeploymentPostprocessing = 0;
		};
/* End PBXFrameworksBuildPhase section */

/* Begin PBXGroup section */
		8DB4AD071D3A0E7A006C77D1 = {
			isa = PBXGroup;
			children = (
				8DB4AD121D3A0E7A006C77D1 /* PullToRefresh */,
				8DB4AD111D3A0E7A006C77D1 /* Products */,
			);
			sourceTree = "<group>";
		};
		8DB4AD111D3A0E7A006C77D1 /* Products */ = {
			isa = PBXGroup;
			children = (
				8DB4AD101D3A0E7A006C77D1 /* PullToRefresh.app */,
			);
			name = Products;
			sourceTree = "<group>";
		};
		8DB4AD121D3A0E7A006C77D1 /* PullToRefresh */ = {
			isa = PBXGroup;
			children = (
				8DB4AD131D3A0E7A006C77D1 /* AppDelegate.swift */,
				8DB4AD251D3A0F85006C77D1 /* RefreshingTableViewController.swift */,
				8DB4AD171D3A0E7A006C77D1 /* Main.storyboard */,
				8DB4AD291D3A3E0B006C77D1 /* RefreshView.swift */,
				8DB4AD1A1D3A0E7A006C77D1 /* Assets.xcassets */,
				8DB4AD1C1D3A0E7A006C77D1 /* LaunchScreen.storyboard */,
				8DB4AD1F1D3A0E7A006C77D1 /* Info.plist */,
			);
			path = PullToRefresh;
			sourceTree = "<group>";
		};
/* End PBXGroup section */

/* Begin PBXNativeTarget section */
		8DB4AD0F1D3A0E7A006C77D1 /* PullToRefresh */ = {
			isa = PBXNativeTarget;
			buildConfigurationList = 8DB4AD221D3A0E7A006C77D1 /* Build configuration list for PBXNativeTarget "PullToRefresh" */;
			buildPhases = (
				8DB4AD0C1D3A0E7A006C77D1 /* Sources */,
				8DB4AD0D1D3A0E7A006C77D1 /* Frameworks */,
				8DB4AD0E1D3A0E7A006C77D1 /* Resources */,
			);
			buildRules = (
			);
			dependencies = (
			);
			name = PullToRefresh;
			productName = PullToRefresh;
			productReference = 8DB4AD101D3A0E7A006C77D1 /* PullToRefresh.app */;
			productType = "com.apple.product-type.application";
		};
/* End PBXNativeTarget section */

/* Begin PBXProject section */
		8DB4AD081D3A0E7A006C77D1 /* Project object */ = {
			isa = PBXProject;
			attributes = {
				LastSwiftUpdateCheck = 0730;
				LastUpgradeCheck = 0730;
				ORGANIZATIONNAME = "kaitou Lee";
				TargetAttributes = {
					8DB4AD0F1D3A0E7A006C77D1 = {
						CreatedOnToolsVersion = 7.3.1;
						DevelopmentTeam = Y4Y8T9FJJA;
					};
				};
			};
			buildConfigurationList = 8DB4AD0B1D3A0E7A006C77D1 /* Build configuration list for PBXProject "PullToRefresh" */;
			compatibilityVersion = "Xcode 3.2";
			developmentRegion = English;
			hasScannedForEncodings = 0;
			knownRegions = (
				en,
				Base,
			);
			mainGroup = 8DB4AD071D3A0E7A006C77D1;
			productRefGroup = 8DB4AD111D3A0E7A006C77D1 /* Products */;
			projectDirPath = "";
			projectRoot = "";
			targets = (
				8DB4AD0F1D3A0E7A006C77D1 /* PullToRefresh */,
			);
		};
/* End PBXProject section */

/* Begin PBXResourcesBuildPhase section */
		8DB4AD0E1D3A0E7A006C77D1 /* Resources */ = {
			isa = PBXResourcesBuildPhase;
			buildActionMask = 2147483647;
			files = (
				8DB4AD1E1D3A0E7A006C77D1 /* LaunchScreen.storyboard in Resources */,
				8DB4AD1B1D3A0E7A006C77D1 /* Assets.xcassets in Resources */,
				8DB4AD191D3A0E7A006C77D1 /* Main.storyboard in Resources */,
			);
			runOnlyForDeploymentPostprocessing = 0;
		};
/* End PBXResourcesBuildPhase section */

/* Begin PBXSourcesBuildPhase section */
		8DB4AD0C1D3A0E7A006C77D1 /* Sources */ = {
			isa = PBXSourcesBuildPhase;
			buildActionMask = 2147483647;
			files = (
				8DB4AD2A1D3A3E0B006C77D1 /* RefreshView.swift in Sources */,
				8DB4AD261D3A0F85006C77D1 /* RefreshingTableViewController.swift in Sources */,
				8DB4AD141D3A0E7A006C77D1 /* AppDelegate.swift in Sources */,
			);
			runOnlyForDeploymentPostprocessing = 0;
		};
/* End PBXSourcesBuildPhase section */

/* Begin PBXVariantGroup section */
		8DB4AD171D3A0E7A006C77D1 /* Main.storyboard */ = {
			isa = PBXVariantGroup;
			children = (
				8DB4AD181D3A0E7A006C77D1 /* Base */,
			);
			name = Main.storyboard;
			sourceTree = "<group>";
		};
		8DB4AD1C1D3A0E7A006C77D1 /* LaunchScreen.storyboard */ = {
			isa = PBXVariantGroup;
			children = (
				8DB4AD1D1D3A0E7A006C77D1 /* Base */,
			);
			name = LaunchScreen.storyboard;
			sourceTree = "<group>";
		};
/* End PBXVariantGroup section */

/* Begin XCBuildConfiguration section */
		8DB4AD201D3A0E7A006C77D1 /* Debug */ = {
			isa = XCBuildConfiguration;
			buildSettings = {
				ALWAYS_SEARCH_USER_PATHS = NO;
				CLANG_ANALYZER_NONNULL = YES;
				CLANG_CXX_LANGUAGE_STANDARD = "gnu++0x";
				CLANG_CXX_LIBRARY = "libc++";
				CLANG_ENABLE_MODULES = YES;
				CLANG_ENABLE_OBJC_ARC = YES;
				CLANG_WARN_BOOL_CONVERSION = YES;
				CLANG_WARN_CONSTANT_CONVERSION = YES;
				CLANG_WARN_DIRECT_OBJC_ISA_USAGE = YES_ERROR;
				CLANG_WARN_EMPTY_BODY = YES;
				CLANG_WARN_ENUM_CONVERSION = YES;
				CLANG_WARN_INT_CONVERSION = YES;
				CLANG_WARN_OBJC_ROOT_CLASS = YES_ERROR;
				CLANG_WARN_UNREACHABLE_CODE = YES;
				CLANG_WARN__DUPLICATE_METHOD_MATCH = YES;
				"CODE_SIGN_IDENTITY[sdk=iphoneos*]" = "iPhone Developer";
				COPY_PHASE_STRIP = NO;
				DEBUG_INFORMATION_FORMAT = dwarf;
				ENABLE_STRICT_OBJC_MSGSEND = YES;
				ENABLE_TESTABILITY = YES;
				GCC_C_LANGUAGE_STANDARD = gnu99;
				GCC_DYNAMIC_NO_PIC = NO;
				GCC_NO_COMMON_BLOCKS = YES;
				GCC_OPTIMIZATION_LEVEL = 0;
				GCC_PREPROCESSOR_DEFINITIONS = (
					"DEBUG=1",
					"$(inherited)",
				);
				GCC_WARN_64_TO_32_BIT_CONVERSION = YES;
				GCC_WARN_ABOUT_RETURN_TYPE = YES_ERROR;
				GCC_WARN_UNDECLARED_SELECTOR = YES;
				GCC_WARN_UNINITIALIZED_AUTOS = YES_AGGRESSIVE;
				GCC_WARN_UNUSED_FUNCTION = YES;
				GCC_WARN_UNUSED_VARIABLE = YES;
				IPHONEOS_DEPLOYMENT_TARGET = 9.3;
				MTL_ENABLE_DEBUG_INFO = YES;
				ONLY_ACTIVE_ARCH = YES;
				SDKROOT = iphoneos;
				SWIFT_OPTIMIZATION_LEVEL = "-Onone";
			};
			name = Debug;
		};
		8DB4AD211D3A0E7A006C77D1 /* Release */ = {
			isa = XCBuildConfiguration;
			buildSettings = {
				ALWAYS_SEARCH_USER_PATHS = NO;
				CLANG_ANALYZER_NONNULL = YES;
				CLANG_CXX_LANGUAGE_STANDARD = "gnu++0x";
				CLANG_CXX_LIBRARY = "libc++";
				CLANG_ENABLE_MODULES = YES;
				CLANG_ENABLE_OBJC_ARC = YES;
				CLANG_WARN_BOOL_CONVERSION = YES;
				CLANG_WARN_CONSTANT_CONVERSION = YES;
				CLANG_WARN_DIRECT_OBJC_ISA_USAGE = YES_ERROR;
				CLANG_WARN_EMPTY_BODY = YES;
				CLANG_WARN_ENUM_CONVERSION = YES;
				CLANG_WARN_INT_CONVERSION = YES;
				CLANG_WARN_OBJC_ROOT_CLASS = YES_ERROR;
				CLANG_WARN_UNREACHABLE_CODE = YES;
				CLANG_WARN__DUPLICATE_METHOD_MATCH = YES;
				"CODE_SIGN_IDENTITY[sdk=iphoneos*]" = "iPhone Developer";
				COPY_PHASE_STRIP = NO;
				DEBUG_INFORMATION_FORMAT = "dwarf-with-dsym";
				ENABLE_NS_ASSERTIONS = NO;
				ENABLE_STRICT_OBJC_MSGSEND = YES;
				GCC_C_LANGUAGE_STANDARD = gnu99;
				GCC_NO_COMMON_BLOCKS = YES;
				GCC_WARN_64_TO_32_BIT_CONVERSION = YES;
				GCC_WARN_ABOUT_RETURN_TYPE = YES_ERROR;
				GCC_WARN_UNDECLARED_SELECTOR = YES;
				GCC_WARN_UNINITIALIZED_AUTOS = YES_AGGRESSIVE;
				GCC_WARN_UNUSED_FUNCTION = YES;
				GCC_WARN_UNUSED_VARIABLE = YES;
				IPHONEOS_DEPLOYMENT_TARGET = 9.3;
				MTL_ENABLE_DEBUG_INFO = NO;
				SDKROOT = iphoneos;
				VALIDATE_PRODUCT = YES;
			};
			name = Release;
		};
		8DB4AD231D3A0E7A006C77D1 /* Debug */ = {
			isa = XCBuildConfiguration;
			buildSettings = {
				ASSETCATALOG_COMPILER_APPICON_NAME = AppIcon;
				INFOPLIST_FILE = PullToRefresh/Info.plist;
				LD_RUNPATH_SEARCH_PATHS = "$(inherited) @executable_path/Frameworks";
				PRODUCT_BUNDLE_IDENTIFIER = com.cto51.PullToRefresh;
				PRODUCT_NAME = "$(TARGET_NAME)";
			};
			name = Debug;
		};
		8DB4AD241D3A0E7A006C77D1 /* Release */ = {
			isa = XCBuildConfiguration;
			buildSettings = {
				ASSETCATALOG_COMPILER_APPICON_NAME = AppIcon;
				INFOPLIST_FILE = PullToRefresh/Info.plist;
				LD_RUNPATH_SEARCH_PATHS = "$(inherited) @executable_path/Frameworks";
				PRODUCT_BUNDLE_IDENTIFIER = com.cto51.PullToRefresh;
				PRODUCT_NAME = "$(TARGET_NAME)";
			};
			name = Release;
		};
/* End XCBuildConfiguration section */

/* Begin XCConfigurationList section */
		8DB4AD0B1D3A0E7A006C77D1 /* Build configuration list for PBXProject "PullToRefresh" */ = {
			isa = XCConfigurationList;
			buildConfigurations = (
				8DB4AD201D3A0E7A006C77D1 /* Debug */,
				8DB4AD211D3A0E7A006C77D1 /* Release */,
			);
			defaultConfigurationIsVisible = 0;
			defaultConfigurationName = Release;
		};
		8DB4AD221D3A0E7A006C77D1 /* Build configuration list for PBXNativeTarget "PullToRefresh" */ = {
			isa = XCConfigurationList;
			buildConfigurations = (
				8DB4AD231D3A0E7A006C77D1 /* Debug */,
				8DB4AD241D3A0E7A006C77D1 /* Release */,
			);
			defaultConfigurationIsVisible = 0;
		};
/* End XCConfigurationList section */
	};
	rootObject = 8DB4AD081D3A0E7A006C77D1 /* Project object */;
}
